
Microsoft Visual Studio Solution File, Format Version 12.00
# Visual Studio Version 17
VisualStudioVersion = 17.0.31919.166
MinimumVisualStudioVersion = 10.0.40219.1
Project("{9A19103F-16F7-4668-BE54-9A1E7A4F7556}") = "Relive.Server.API", "Relive.Server.API\Relive.Server.API.csproj", "{C1345DEE-1411-40C7-9CDC-94BB0D9F06B1}"
EndProject
Project("{9A19103F-16F7-4668-BE54-9A1E7A4F7556}") = "Relive.Server.Infrastructure", "Relive.Server.Infrastructure1\Relive.Server.Infrastructure.csproj", "{99DED2DE-619D-4BF4-A994-95CDF93468CB}"
EndProject
Project("{FAE04EC0-301F-11D3-BF4B-00C04F79EFBC}") = "Relive.Server.Core", "Relive.Server.Core1\Relive.Server.Core.csproj", "{5AF9D074-CA38-498E-B8FC-BF7FCB4ED2C3}"
EndProject
Global
	GlobalSection(SolutionConfigurationPlatforms) = preSolution
		Debug|Any CPU = Debug|Any CPU
		Release|Any CPU = Release|Any CPU
	EndGlobalSection
	GlobalSection(ProjectConfigurationPlatforms) = postSolution
		{C1345DEE-1411-40C7-9CDC-94BB0D9F06B1}.Debug|Any CPU.ActiveCfg = Debug|Any CPU
		{C1345DEE-1411-40C7-9CDC-94BB0D9F06B1}.Debug|Any CPU.Build.0 = Debug|Any CPU
		{C1345DEE-1411-40C7-9CDC-94BB0D9F06B1}.Release|Any CPU.ActiveCfg = Release|Any CPU
		{C1345DEE-1411-40C7-9CDC-94BB0D9F06B1}.Release|Any CPU.Build.0 = Release|Any CPU
		{99DED2DE-619D-4BF4-A994-95CDF93468CB}.Debug|Any CPU.ActiveCfg = Debug|Any CPU
		{99DED2DE-619D-4BF4-A994-95CDF93468CB}.Debug|Any CPU.Build.0 = Debug|Any CPU
		{99DED2DE-619D-4BF4-A994-95CDF93468CB}.Release|Any CPU.ActiveCfg = Release|Any CPU
		{99DED2DE-619D-4BF4-A994-95CDF93468CB}.Release|Any CPU.Build.0 = Release|Any CPU
		{5AF9D074-CA38-498E-B8FC-BF7FCB4ED2C3}.Debug|Any CPU.ActiveCfg = Debug|Any CPU
		{5AF9D074-CA38-498E-B8FC-BF7FCB4ED2C3}.Debug|Any CPU.Build.0 = Debug|Any CPU
		{5AF9D074-CA38-498E-B8FC-BF7FCB4ED2C3}.Release|Any CPU.ActiveCfg = Release|Any CPU
		{5AF9D074-CA38-498E-B8FC-BF7FCB4ED2C3}.Release|Any CPU.Build.0 = Release|Any CPU
	EndGlobalSection
	GlobalSection(SolutionProperties) = preSolution
		HideSolutionNode = FALSE
	EndGlobalSection
	GlobalSection(ExtensibilityGlobals) = postSolution
		SolutionGuid = {56846364-E369-4C56-B2CD-D3E8EB09B6C6}
	EndGlobalSection
EndGlobal
