
Microsoft Visual Studio Solution File, Format Version 12.00
# Visual Studio Version 17
VisualStudioVersion = 17.0.31919.166
MinimumVisualStudioVersion = 10.0.40219.1
Project("{9A19103F-16F7-4668-BE54-9A1E7A4F7556}") = "Relive.Server.API", "Relive.Server.API\Relive.Server.API.csproj", "{C1345DEE-1411-40C7-9CDC-94BB0D9F06B1}"
	ProjectSection(ProjectDependencies) = postProject
		{EC210055-A00D-41DE-B8B4-192CE345769A} = {EC210055-A00D-41DE-B8B4-192CE345769A}
		{559000AB-ADF5-4802-8EA9-E47DF754250D} = {559000AB-ADF5-4802-8EA9-E47DF754250D}
	EndProjectSection
EndProject
Project("{9A19103F-16F7-4668-BE54-9A1E7A4F7556}") = "Relive.Server.Core", "Relive.Server.Core\Relive.Server.Core.csproj", "{559000AB-ADF5-4802-8EA9-E47DF754250D}"
EndProject
Project("{9A19103F-16F7-4668-BE54-9A1E7A4F7556}") = "Relive.Server.Infrastructure", "Relive.Server.Infrastructure\Relive.Server.Infrastructure.csproj", "{EC210055-A00D-41DE-B8B4-192CE345769A}"
	ProjectSection(ProjectDependencies) = postProject
		{559000AB-ADF5-4802-8EA9-E47DF754250D} = {559000AB-ADF5-4802-8EA9-E47DF754250D}
	EndProjectSection
EndProject
Global
	GlobalSection(SolutionConfigurationPlatforms) = preSolution
		Debug|Any CPU = Debug|Any CPU
		Release|Any CPU = Release|Any CPU
	EndGlobalSection
	GlobalSection(ProjectConfigurationPlatforms) = postSolution
		{C1345DEE-1411-40C7-9CDC-94BB0D9F06B1}.Debug|Any CPU.ActiveCfg = Debug|Any CPU
		{C1345DEE-1411-40C7-9CDC-94BB0D9F06B1}.Debug|Any CPU.Build.0 = Debug|Any CPU
		{C1345DEE-1411-40C7-9CDC-94BB0D9F06B1}.Release|Any CPU.ActiveCfg = Release|Any CPU
		{C1345DEE-1411-40C7-9CDC-94BB0D9F06B1}.Release|Any CPU.Build.0 = Release|Any CPU
		{559000AB-ADF5-4802-8EA9-E47DF754250D}.Debug|Any CPU.ActiveCfg = Debug|Any CPU
		{559000AB-ADF5-4802-8EA9-E47DF754250D}.Debug|Any CPU.Build.0 = Debug|Any CPU
		{559000AB-ADF5-4802-8EA9-E47DF754250D}.Release|Any CPU.ActiveCfg = Release|Any CPU
		{559000AB-ADF5-4802-8EA9-E47DF754250D}.Release|Any CPU.Build.0 = Release|Any CPU
		{EC210055-A00D-41DE-B8B4-192CE345769A}.Debug|Any CPU.ActiveCfg = Debug|Any CPU
		{EC210055-A00D-41DE-B8B4-192CE345769A}.Debug|Any CPU.Build.0 = Debug|Any CPU
		{EC210055-A00D-41DE-B8B4-192CE345769A}.Release|Any CPU.ActiveCfg = Release|Any CPU
		{EC210055-A00D-41DE-B8B4-192CE345769A}.Release|Any CPU.Build.0 = Release|Any CPU
	EndGlobalSection
	GlobalSection(SolutionProperties) = preSolution
		HideSolutionNode = FALSE
	EndGlobalSection
	GlobalSection(ExtensibilityGlobals) = postSolution
		SolutionGuid = {56846364-E369-4C56-B2CD-D3E8EB09B6C6}
	EndGlobalSection
EndGlobal
